
Microsoft Visual Studio Solution File, Format Version 12.00
# Visual Studio Version 16
VisualStudioVersion = 16.0.30413.136
MinimumVisualStudioVersion = 10.0.40219.1
Project("{FAE04EC0-301F-11D3-BF4B-00C04F79EFBC}") = "26-08-2020 wo oefeningen (dictionary)", "26-08-2020 wo oefeningen (dictionary)\26-08-2020 wo oefeningen (dictionary).csproj", "{DEEBB4F5-512E-48C6-AA9A-7D64F1DE11E8}"
EndProject
Global
	GlobalSection(SolutionConfigurationPlatforms) = preSolution
		Debug|Any CPU = Debug|Any CPU
		Release|Any CPU = Release|Any CPU
	EndGlobalSection
	GlobalSection(ProjectConfigurationPlatforms) = postSolution
		{DEEBB4F5-512E-48C6-AA9A-7D64F1DE11E8}.Debug|Any CPU.ActiveCfg = Debug|Any CPU
		{DEEBB4F5-512E-48C6-AA9A-7D64F1DE11E8}.Debug|Any CPU.Build.0 = Debug|Any CPU
		{DEEBB4F5-512E-48C6-AA9A-7D64F1DE11E8}.Release|Any CPU.ActiveCfg = Release|Any CPU
		{DEEBB4F5-512E-48C6-AA9A-7D64F1DE11E8}.Release|Any CPU.Build.0 = Release|Any CPU
	EndGlobalSection
	GlobalSection(SolutionProperties) = preSolution
		HideSolutionNode = FALSE
	EndGlobalSection
	GlobalSection(ExtensibilityGlobals) = postSolution
		SolutionGuid = {0F4A1E83-29A6-4297-810B-4752CD4CC17E}
	EndGlobalSection
EndGlobal
